
Microsoft Visual Studio Solution File, Format Version 12.00
# Visual Studio 15
VisualStudioVersion = 15.0.26430.14
MinimumVisualStudioVersion = 10.0.40219.1
Project("{FAE04EC0-301F-11D3-BF4B-00C04F79EFBC}") = "MonsterBattle", "MonsterBattle\MonsterBattle.csproj", "{6E5C21F1-9D52-4910-A143-C4BF354D9400}"
EndProject
Global
	GlobalSection(SolutionConfigurationPlatforms) = preSolution
		Debug|Any CPU = Debug|Any CPU
		Release|Any CPU = Release|Any CPU
	EndGlobalSection
	GlobalSection(ProjectConfigurationPlatforms) = postSolution
		{6E5C21F1-9D52-4910-A143-C4BF354D9400}.Debug|Any CPU.ActiveCfg = Debug|Any CPU
		{6E5C21F1-9D52-4910-A143-C4BF354D9400}.Debug|Any CPU.Build.0 = Debug|Any CPU
		{6E5C21F1-9D52-4910-A143-C4BF354D9400}.Release|Any CPU.ActiveCfg = Release|Any CPU
		{6E5C21F1-9D52-4910-A143-C4BF354D9400}.Release|Any CPU.Build.0 = Release|Any CPU
	EndGlobalSection
	GlobalSection(SolutionProperties) = preSolution
		HideSolutionNode = FALSE
	EndGlobalSection
EndGlobal
